// !$*UTF8*$!
{
	archiveVersion = 1;
	classes = {
	};
	objectVersion = 50;
	objects = {

/* Begin PBXBuildFile section */
		EB3DE50D26281BF900BEE6FC /* AppDelegate.swift in Sources */ = {isa = PBXBuildFile; fileRef = EB3DE50C26281BF900BEE6FC /* AppDelegate.swift */; };
		EB3DE50F26281BF900BEE6FC /* SceneDelegate.swift in Sources */ = {isa = PBXBuildFile; fileRef = EB3DE50E26281BF900BEE6FC /* SceneDelegate.swift */; };
		EB3DE51126281BF900BEE6FC /* ViewController.swift in Sources */ = {isa = PBXBuildFile; fileRef = EB3DE51026281BF900BEE6FC /* ViewController.swift */; };
		EB3DE51426281BF900BEE6FC /* Main.storyboard in Resources */ = {isa = PBXBuildFile; fileRef = EB3DE51226281BF900BEE6FC /* Main.storyboard */; };
		EB3DE51626281BFB00BEE6FC /* Assets.xcassets in Resources */ = {isa = PBXBuildFile; fileRef = EB3DE51526281BFB00BEE6FC /* Assets.xcassets */; };
		EB3DE51926281BFB00BEE6FC /* LaunchScreen.storyboard in Resources */ = {isa = PBXBuildFile; fileRef = EB3DE51726281BFB00BEE6FC /* LaunchScreen.storyboard */; };
		EB3DE52326281C5000BEE6FC /* SwiftStateMachine.swift in Sources */ = {isa = PBXBuildFile; fileRef = EB3DE52126281C5000BEE6FC /* SwiftStateMachine.swift */; };
		EB3DE52426281C5000BEE6FC /* BaseState.swift in Sources */ = {isa = PBXBuildFile; fileRef = EB3DE52226281C5000BEE6FC /* BaseState.swift */; };
		EB3DE52726281E6F00BEE6FC /* IdleState.swift in Sources */ = {isa = PBXBuildFile; fileRef = EB3DE52626281E6F00BEE6FC /* IdleState.swift */; };
		EB3DE52A26281E7B00BEE6FC /* HomeState.swift in Sources */ = {isa = PBXBuildFile; fileRef = EB3DE52926281E7B00BEE6FC /* HomeState.swift */; };
		EB3DE52D26281E8600BEE6FC /* GameState.swift in Sources */ = {isa = PBXBuildFile; fileRef = EB3DE52C26281E8600BEE6FC /* GameState.swift */; };
/* End PBXBuildFile section */

/* Begin PBXFileReference section */
		EB3DE50926281BF900BEE6FC /* SwiftStateMachine.app */ = {isa = PBXFileReference; explicitFileType = wrapper.application; includeInIndex = 0; path = SwiftStateMachine.app; sourceTree = BUILT_PRODUCTS_DIR; };
		EB3DE50C26281BF900BEE6FC /* AppDelegate.swift */ = {isa = PBXFileReference; lastKnownFileType = sourcecode.swift; path = AppDelegate.swift; sourceTree = "<group>"; };
		EB3DE50E26281BF900BEE6FC /* SceneDelegate.swift */ = {isa = PBXFileReference; lastKnownFileType = sourcecode.swift; path = SceneDelegate.swift; sourceTree = "<group>"; };
		EB3DE51026281BF900BEE6FC /* ViewController.swift */ = {isa = PBXFileReference; lastKnownFileType = sourcecode.swift; path = ViewController.swift; sourceTree = "<group>"; };
		EB3DE51326281BF900BEE6FC /* Base */ = {isa = PBXFileReference; lastKnownFileType = file.storyboard; name = Base; path = Base.lproj/Main.storyboard; sourceTree = "<group>"; };
		EB3DE51526281BFB00BEE6FC /* Assets.xcassets */ = {isa = PBXFileReference; lastKnownFileType = folder.assetcatalog; path = Assets.xcassets; sourceTree = "<group>"; };
		EB3DE51826281BFB00BEE6FC /* Base */ = {isa = PBXFileReference; lastKnownFileType = file.storyboard; name = Base; path = Base.lproj/LaunchScreen.storyboard; sourceTree = "<group>"; };
		EB3DE51A26281BFB00BEE6FC /* Info.plist */ = {isa = PBXFileReference; lastKnownFileType = text.plist.xml; path = Info.plist; sourceTree = "<group>"; };
		EB3DE52126281C5000BEE6FC /* SwiftStateMachine.swift */ = {isa = PBXFileReference; fileEncoding = 4; lastKnownFileType = sourcecode.swift; path = SwiftStateMachine.swift; sourceTree = "<group>"; };
		EB3DE52226281C5000BEE6FC /* BaseState.swift */ = {isa = PBXFileReference; fileEncoding = 4; lastKnownFileType = sourcecode.swift; path = BaseState.swift; sourceTree = "<group>"; };
		EB3DE52626281E6F00BEE6FC /* IdleState.swift */ = {isa = PBXFileReference; lastKnownFileType = sourcecode.swift; path = IdleState.swift; sourceTree = "<group>"; };
		EB3DE52926281E7B00BEE6FC /* HomeState.swift */ = {isa = PBXFileReference; lastKnownFileType = sourcecode.swift; path = HomeState.swift; sourceTree = "<group>"; };
		EB3DE52C26281E8600BEE6FC /* GameState.swift */ = {isa = PBXFileReference; lastKnownFileType = sourcecode.swift; path = GameState.swift; sourceTree = "<group>"; };
/* End PBXFileReference section */

/* Begin PBXFrameworksBuildPhase section */
		EB3DE50626281BF900BEE6FC /* Frameworks */ = {
			isa = PBXFrameworksBuildPhase;
			buildActionMask = 2147483647;
			files = (
			);
			runOnlyForDeploymentPostprocessing = 0;
		};
/* End PBXFrameworksBuildPhase section */

/* Begin PBXGroup section */
		EB3DE50026281BF900BEE6FC = {
			isa = PBXGroup;
			children = (
				EB3DE50B26281BF900BEE6FC /* SwiftStateMachine */,
				EB3DE50A26281BF900BEE6FC /* Products */,
			);
			sourceTree = "<group>";
		};
		EB3DE50A26281BF900BEE6FC /* Products */ = {
			isa = PBXGroup;
			children = (
				EB3DE50926281BF900BEE6FC /* SwiftStateMachine.app */,
			);
			name = Products;
			sourceTree = "<group>";
		};
		EB3DE50B26281BF900BEE6FC /* SwiftStateMachine */ = {
			isa = PBXGroup;
			children = (
				EB3DE52226281C5000BEE6FC /* BaseState.swift */,
				EB3DE52126281C5000BEE6FC /* SwiftStateMachine.swift */,
				EB3DE50C26281BF900BEE6FC /* AppDelegate.swift */,
				EB3DE50E26281BF900BEE6FC /* SceneDelegate.swift */,
				EB3DE51026281BF900BEE6FC /* ViewController.swift */,
				EB3DE51226281BF900BEE6FC /* Main.storyboard */,
				EB3DE51526281BFB00BEE6FC /* Assets.xcassets */,
				EB3DE51726281BFB00BEE6FC /* LaunchScreen.storyboard */,
				EB3DE51A26281BFB00BEE6FC /* Info.plist */,
				EB3DE52626281E6F00BEE6FC /* IdleState.swift */,
				EB3DE52926281E7B00BEE6FC /* HomeState.swift */,
				EB3DE52C26281E8600BEE6FC /* GameState.swift */,
			);
			path = SwiftStateMachine;
			sourceTree = "<group>";
		};
/* End PBXGroup section */

/* Begin PBXNativeTarget section */
		EB3DE50826281BF900BEE6FC /* SwiftStateMachine */ = {
			isa = PBXNativeTarget;
			buildConfigurationList = EB3DE51D26281BFB00BEE6FC /* Build configuration list for PBXNativeTarget "SwiftStateMachine" */;
			buildPhases = (
				EB3DE50526281BF900BEE6FC /* Sources */,
				EB3DE50626281BF900BEE6FC /* Frameworks */,
				EB3DE50726281BF900BEE6FC /* Resources */,
			);
			buildRules = (
			);
			dependencies = (
			);
			name = SwiftStateMachine;
			productName = SwiftStateMachine;
			productReference = EB3DE50926281BF900BEE6FC /* SwiftStateMachine.app */;
			productType = "com.apple.product-type.application";
		};
/* End PBXNativeTarget section */

/* Begin PBXProject section */
		EB3DE50126281BF900BEE6FC /* Project object */ = {
			isa = PBXProject;
			attributes = {
				LastSwiftUpdateCheck = 1230;
				LastUpgradeCheck = 1230;
				TargetAttributes = {
					EB3DE50826281BF900BEE6FC = {
						CreatedOnToolsVersion = 12.3;
					};
				};
			};
			buildConfigurationList = EB3DE50426281BF900BEE6FC /* Build configuration list for PBXProject "SwiftStateMachine" */;
			compatibilityVersion = "Xcode 9.3";
			developmentRegion = en;
			hasScannedForEncodings = 0;
			knownRegions = (
				en,
				Base,
			);
			mainGroup = EB3DE50026281BF900BEE6FC;
			productRefGroup = EB3DE50A26281BF900BEE6FC /* Products */;
			projectDirPath = "";
			projectRoot = "";
			targets = (
				EB3DE50826281BF900BEE6FC /* SwiftStateMachine */,
			);
		};
/* End PBXProject section */

/* Begin PBXResourcesBuildPhase section */
		EB3DE50726281BF900BEE6FC /* Resources */ = {
			isa = PBXResourcesBuildPhase;
			buildActionMask = 2147483647;
			files = (
				EB3DE51926281BFB00BEE6FC /* LaunchScreen.storyboard in Resources */,
				EB3DE51626281BFB00BEE6FC /* Assets.xcassets in Resources */,
				EB3DE51426281BF900BEE6FC /* Main.storyboard in Resources */,
			);
			runOnlyForDeploymentPostprocessing = 0;
		};
/* End PBXResourcesBuildPhase section */

/* Begin PBXSourcesBuildPhase section */
		EB3DE50526281BF900BEE6FC /* Sources */ = {
			isa = PBXSourcesBuildPhase;
			buildActionMask = 2147483647;
			files = (
				EB3DE52A26281E7B00BEE6FC /* HomeState.swift in Sources */,
				EB3DE51126281BF900BEE6FC /* ViewController.swift in Sources */,
				EB3DE52326281C5000BEE6FC /* SwiftStateMachine.swift in Sources */,
				EB3DE52426281C5000BEE6FC /* BaseState.swift in Sources */,
				EB3DE52726281E6F00BEE6FC /* IdleState.swift in Sources */,
				EB3DE52D26281E8600BEE6FC /* GameState.swift in Sources */,
				EB3DE50D26281BF900BEE6FC /* AppDelegate.swift in Sources */,
				EB3DE50F26281BF900BEE6FC /* SceneDelegate.swift in Sources */,
			);
			runOnlyForDeploymentPostprocessing = 0;
		};
/* End PBXSourcesBuildPhase section */

/* Begin PBXVariantGroup section */
		EB3DE51226281BF900BEE6FC /* Main.storyboard */ = {
			isa = PBXVariantGroup;
			children = (
				EB3DE51326281BF900BEE6FC /* Base */,
			);
			name = Main.storyboard;
			sourceTree = "<group>";
		};
		EB3DE51726281BFB00BEE6FC /* LaunchScreen.storyboard */ = {
			isa = PBXVariantGroup;
			children = (
				EB3DE51826281BFB00BEE6FC /* Base */,
			);
			name = LaunchScreen.storyboard;
			sourceTree = "<group>";
		};
/* End PBXVariantGroup section */

/* Begin XCBuildConfiguration section */
		EB3DE51B26281BFB00BEE6FC /* Debug */ = {
			isa = XCBuildConfiguration;
			buildSettings = {
				ALWAYS_SEARCH_USER_PATHS = NO;
				CLANG_ANALYZER_NONNULL = YES;
				CLANG_ANALYZER_NUMBER_OBJECT_CONVERSION = YES_AGGRESSIVE;
				CLANG_CXX_LANGUAGE_STANDARD = "gnu++14";
				CLANG_CXX_LIBRARY = "libc++";
				CLANG_ENABLE_MODULES = YES;
				CLANG_ENABLE_OBJC_ARC = YES;
				CLANG_ENABLE_OBJC_WEAK = YES;
				CLANG_WARN_BLOCK_CAPTURE_AUTORELEASING = YES;
				CLANG_WARN_BOOL_CONVERSION = YES;
				CLANG_WARN_COMMA = YES;
				CLANG_WARN_CONSTANT_CONVERSION = YES;
				CLANG_WARN_DEPRECATED_OBJC_IMPLEMENTATIONS = YES;
				CLANG_WARN_DIRECT_OBJC_ISA_USAGE = YES_ERROR;
				CLANG_WARN_DOCUMENTATION_COMMENTS = YES;
				CLANG_WARN_EMPTY_BODY = YES;
				CLANG_WARN_ENUM_CONVERSION = YES;
				CLANG_WARN_INFINITE_RECURSION = YES;
				CLANG_WARN_INT_CONVERSION = YES;
				CLANG_WARN_NON_LITERAL_NULL_CONVERSION = YES;
				CLANG_WARN_OBJC_IMPLICIT_RETAIN_SELF = YES;
				CLANG_WARN_OBJC_LITERAL_CONVERSION = YES;
				CLANG_WARN_OBJC_ROOT_CLASS = YES_ERROR;
				CLANG_WARN_QUOTED_INCLUDE_IN_FRAMEWORK_HEADER = YES;
				CLANG_WARN_RANGE_LOOP_ANALYSIS = YES;
				CLANG_WARN_STRICT_PROTOTYPES = YES;
				CLANG_WARN_SUSPICIOUS_MOVE = YES;
				CLANG_WARN_UNGUARDED_AVAILABILITY = YES_AGGRESSIVE;
				CLANG_WARN_UNREACHABLE_CODE = YES;
				CLANG_WARN__DUPLICATE_METHOD_MATCH = YES;
				COPY_PHASE_STRIP = NO;
				DEBUG_INFORMATION_FORMAT = dwarf;
				ENABLE_STRICT_OBJC_MSGSEND = YES;
				ENABLE_TESTABILITY = YES;
				GCC_C_LANGUAGE_STANDARD = gnu11;
				GCC_DYNAMIC_NO_PIC = NO;
				GCC_NO_COMMON_BLOCKS = YES;
				GCC_OPTIMIZATION_LEVEL = 0;
				GCC_PREPROCESSOR_DEFINITIONS = (
					"DEBUG=1",
					"$(inherited)",
				);
				GCC_WARN_64_TO_32_BIT_CONVERSION = YES;
				GCC_WARN_ABOUT_RETURN_TYPE = YES_ERROR;
				GCC_WARN_UNDECLARED_SELECTOR = YES;
				GCC_WARN_UNINITIALIZED_AUTOS = YES_AGGRESSIVE;
				GCC_WARN_UNUSED_FUNCTION = YES;
				GCC_WARN_UNUSED_VARIABLE = YES;
				IPHONEOS_DEPLOYMENT_TARGET = 14.3;
				MTL_ENABLE_DEBUG_INFO = INCLUDE_SOURCE;
				MTL_FAST_MATH = YES;
				ONLY_ACTIVE_ARCH = YES;
				SDKROOT = iphoneos;
				SWIFT_ACTIVE_COMPILATION_CONDITIONS = DEBUG;
				SWIFT_OPTIMIZATION_LEVEL = "-Onone";
			};
			name = Debug;
		};
		EB3DE51C26281BFB00BEE6FC /* Release */ = {
			isa = XCBuildConfiguration;
			buildSettings = {
				ALWAYS_SEARCH_USER_PATHS = NO;
				CLANG_ANALYZER_NONNULL = YES;
				CLANG_ANALYZER_NUMBER_OBJECT_CONVERSION = YES_AGGRESSIVE;
				CLANG_CXX_LANGUAGE_STANDARD = "gnu++14";
				CLANG_CXX_LIBRARY = "libc++";
				CLANG_ENABLE_MODULES = YES;
				CLANG_ENABLE_OBJC_ARC = YES;
				CLANG_ENABLE_OBJC_WEAK = YES;
				CLANG_WARN_BLOCK_CAPTURE_AUTORELEASING = YES;
				CLANG_WARN_BOOL_CONVERSION = YES;
				CLANG_WARN_COMMA = YES;
				CLANG_WARN_CONSTANT_CONVERSION = YES;
				CLANG_WARN_DEPRECATED_OBJC_IMPLEMENTATIONS = YES;
				CLANG_WARN_DIRECT_OBJC_ISA_USAGE = YES_ERROR;
				CLANG_WARN_DOCUMENTATION_COMMENTS = YES;
				CLANG_WARN_EMPTY_BODY = YES;
				CLANG_WARN_ENUM_CONVERSION = YES;
				CLANG_WARN_INFINITE_RECURSION = YES;
				CLANG_WARN_INT_CONVERSION = YES;
				CLANG_WARN_NON_LITERAL_NULL_CONVERSION = YES;
				CLANG_WARN_OBJC_IMPLICIT_RETAIN_SELF = YES;
				CLANG_WARN_OBJC_LITERAL_CONVERSION = YES;
				CLANG_WARN_OBJC_ROOT_CLASS = YES_ERROR;
				CLANG_WARN_QUOTED_INCLUDE_IN_FRAMEWORK_HEADER = YES;
				CLANG_WARN_RANGE_LOOP_ANALYSIS = YES;
				CLANG_WARN_STRICT_PROTOTYPES = YES;
				CLANG_WARN_SUSPICIOUS_MOVE = YES;
				CLANG_WARN_UNGUARDED_AVAILABILITY = YES_AGGRESSIVE;
				CLANG_WARN_UNREACHABLE_CODE = YES;
				CLANG_WARN__DUPLICATE_METHOD_MATCH = YES;
				COPY_PHASE_STRIP = NO;
				DEBUG_INFORMATION_FORMAT = "dwarf-with-dsym";
				ENABLE_NS_ASSERTIONS = NO;
				ENABLE_STRICT_OBJC_MSGSEND = YES;
				GCC_C_LANGUAGE_STANDARD = gnu11;
				GCC_NO_COMMON_BLOCKS = YES;
				GCC_WARN_64_TO_32_BIT_CONVERSION = YES;
				GCC_WARN_ABOUT_RETURN_TYPE = YES_ERROR;
				GCC_WARN_UNDECLARED_SELECTOR = YES;
				GCC_WARN_UNINITIALIZED_AUTOS = YES_AGGRESSIVE;
				GCC_WARN_UNUSED_FUNCTION = YES;
				GCC_WARN_UNUSED_VARIABLE = YES;
				IPHONEOS_DEPLOYMENT_TARGET = 14.3;
				MTL_ENABLE_DEBUG_INFO = NO;
				MTL_FAST_MATH = YES;
				SDKROOT = iphoneos;
				SWIFT_COMPILATION_MODE = wholemodule;
				SWIFT_OPTIMIZATION_LEVEL = "-O";
				VALIDATE_PRODUCT = YES;
			};
			name = Release;
		};
		EB3DE51E26281BFB00BEE6FC /* Debug */ = {
			isa = XCBuildConfiguration;
			buildSettings = {
				ASSETCATALOG_COMPILER_APPICON_NAME = AppIcon;
				ASSETCATALOG_COMPILER_GLOBAL_ACCENT_COLOR_NAME = AccentColor;
				CODE_SIGN_STYLE = Automatic;
				INFOPLIST_FILE = SwiftStateMachine/Info.plist;
				LD_RUNPATH_SEARCH_PATHS = (
					"$(inherited)",
					"@executable_path/Frameworks",
				);
				PRODUCT_BUNDLE_IDENTIFIER = com.statemachinetest.SwiftStateMachine;
				PRODUCT_NAME = "$(TARGET_NAME)";
				SWIFT_VERSION = 5.0;
				TARGETED_DEVICE_FAMILY = "1,2";
			};
			name = Debug;
		};
		EB3DE51F26281BFB00BEE6FC /* Release */ = {
			isa = XCBuildConfiguration;
			buildSettings = {
				ASSETCATALOG_COMPILER_APPICON_NAME = AppIcon;
				ASSETCATALOG_COMPILER_GLOBAL_ACCENT_COLOR_NAME = AccentColor;
				CODE_SIGN_STYLE = Automatic;
				INFOPLIST_FILE = SwiftStateMachine/Info.plist;
				LD_RUNPATH_SEARCH_PATHS = (
					"$(inherited)",
					"@executable_path/Frameworks",
				);
				PRODUCT_BUNDLE_IDENTIFIER = com.statemachinetest.SwiftStateMachine;
				PRODUCT_NAME = "$(TARGET_NAME)";
				SWIFT_VERSION = 5.0;
				TARGETED_DEVICE_FAMILY = "1,2";
			};
			name = Release;
		};
/* End XCBuildConfiguration section */

/* Begin XCConfigurationList section */
		EB3DE50426281BF900BEE6FC /* Build configuration list for PBXProject "SwiftStateMachine" */ = {
			isa = XCConfigurationList;
			buildConfigurations = (
				EB3DE51B26281BFB00BEE6FC /* Debug */,
				EB3DE51C26281BFB00BEE6FC /* Release */,
			);
			defaultConfigurationIsVisible = 0;
			defaultConfigurationName = Release;
		};
		EB3DE51D26281BFB00BEE6FC /* Build configuration list for PBXNativeTarget "SwiftStateMachine" */ = {
			isa = XCConfigurationList;
			buildConfigurations = (
				EB3DE51E26281BFB00BEE6FC /* Debug */,
				EB3DE51F26281BFB00BEE6FC /* Release */,
			);
			defaultConfigurationIsVisible = 0;
			defaultConfigurationName = Release;
		};
/* End XCConfigurationList section */
	};
	rootObject = EB3DE50126281BF900BEE6FC /* Project object */;
}
